
Microsoft Visual Studio Solution File, Format Version 12.00
# Visual Studio Version 16
VisualStudioVersion = 16.0.32228.343
MinimumVisualStudioVersion = 10.0.40219.1
Project("{FAE04EC0-301F-11D3-BF4B-00C04F79EFBC}") = "Pdfreader", "Pdfreader.csproj", "{DA2D4743-4429-483B-ABFD-05FA82895BF4}"
EndProject
Global
	GlobalSection(SolutionConfigurationPlatforms) = preSolution
		Debug|Any CPU = Debug|Any CPU
		Release|Any CPU = Release|Any CPU
	EndGlobalSection
	GlobalSection(ProjectConfigurationPlatforms) = postSolution
		{DA2D4743-4429-483B-ABFD-05FA82895BF4}.Debug|Any CPU.ActiveCfg = Debug|Any CPU
		{DA2D4743-4429-483B-ABFD-05FA82895BF4}.Debug|Any CPU.Build.0 = Debug|Any CPU
		{DA2D4743-4429-483B-ABFD-05FA82895BF4}.Release|Any CPU.ActiveCfg = Release|Any CPU
		{DA2D4743-4429-483B-ABFD-05FA82895BF4}.Release|Any CPU.Build.0 = Release|Any CPU
	EndGlobalSection
	GlobalSection(SolutionProperties) = preSolution
		HideSolutionNode = FALSE
	EndGlobalSection
	GlobalSection(ExtensibilityGlobals) = postSolution
		SolutionGuid = {081A8EF8-9D17-4DD8-AA96-A34CADF35F16}
	EndGlobalSection
EndGlobal
